
Microsoft Visual Studio Solution File, Format Version 12.00
# Visual Studio Version 16
VisualStudioVersion = 16.0.30128.74
MinimumVisualStudioVersion = 10.0.40219.1
Project("{FAE04EC0-301F-11D3-BF4B-00C04F79EFBC}") = "ConsoleApp1", "ConsoleApp1\ConsoleApp1.csproj", "{13E98039-64EF-4120-85B6-2A635799EDB6}"
EndProject
Global
	GlobalSection(SolutionConfigurationPlatforms) = preSolution
		Debug|Any CPU = Debug|Any CPU
		Release|Any CPU = Release|Any CPU
	EndGlobalSection
	GlobalSection(ProjectConfigurationPlatforms) = postSolution
		{13E98039-64EF-4120-85B6-2A635799EDB6}.Debug|Any CPU.ActiveCfg = Debug|Any CPU
		{13E98039-64EF-4120-85B6-2A635799EDB6}.Debug|Any CPU.Build.0 = Debug|Any CPU
		{13E98039-64EF-4120-85B6-2A635799EDB6}.Release|Any CPU.ActiveCfg = Release|Any CPU
		{13E98039-64EF-4120-85B6-2A635799EDB6}.Release|Any CPU.Build.0 = Release|Any CPU
	EndGlobalSection
	GlobalSection(SolutionProperties) = preSolution
		HideSolutionNode = FALSE
	EndGlobalSection
	GlobalSection(ExtensibilityGlobals) = postSolution
		SolutionGuid = {34C2CB60-A94E-4AD6-AA5D-BFFD66B9F04C}
	EndGlobalSection
EndGlobal
